// !$*UTF8*$!
{
	archiveVersion = 1;
	classes = {
	};
	objectVersion = 46;
	objects = {

/* Begin PBXBuildFile section */
		C147DCEA1D4A79F700015267 /* Localizable.strings in Resources */ = {isa = PBXBuildFile; fileRef = C147DCD81D4A79F700015267 /* Localizable.strings */; };
		C147DCEB1D4A79F700015267 /* Localizable.strings in Resources */ = {isa = PBXBuildFile; fileRef = C147DCDC1D4A79F700015267 /* Localizable.strings */; };
		C147DCEC1D4A79F700015267 /* ViewController.m in Sources */ = {isa = PBXBuildFile; fileRef = C147DCDF1D4A79F700015267 /* ViewController.m */; };
		C147DCED1D4A79F700015267 /* Localizable.strings in Resources */ = {isa = PBXBuildFile; fileRef = C147DCE21D4A79F700015267 /* Localizable.strings */; };
		C147DCEE1D4A79F700015267 /* Localizable.strings in Resources */ = {isa = PBXBuildFile; fileRef = C147DCE61D4A79F700015267 /* Localizable.strings */; };
		C147DCEF1D4A79F700015267 /* ViewController.m in Sources */ = {isa = PBXBuildFile; fileRef = C147DCE91D4A79F700015267 /* ViewController.m */; };
		C1C8FEF01D4A2BAA00FD6BB8 /* Localizable.strings in Resources */ = {isa = PBXBuildFile; fileRef = C1C8FECA1D4A2BAA00FD6BB8 /* Localizable.strings */; };
		C1C8FEF11D4A2BAA00FD6BB8 /* Localizable.strings in Resources */ = {isa = PBXBuildFile; fileRef = C1C8FECE1D4A2BAA00FD6BB8 /* Localizable.strings */; };
		C1C8FEF21D4A2BAA00FD6BB8 /* ViewController.m in Sources */ = {isa = PBXBuildFile; fileRef = C1C8FED11D4A2BAA00FD6BB8 /* ViewController.m */; };
		C1C8FEF31D4A2BAA00FD6BB8 /* Localizable.strings in Resources */ = {isa = PBXBuildFile; fileRef = C1C8FED41D4A2BAA00FD6BB8 /* Localizable.strings */; };
		C1C8FEF41D4A2BAA00FD6BB8 /* Localizable.strings in Resources */ = {isa = PBXBuildFile; fileRef = C1C8FED81D4A2BAA00FD6BB8 /* Localizable.strings */; };
		C1C8FEF51D4A2BAA00FD6BB8 /* ViewController.m in Sources */ = {isa = PBXBuildFile; fileRef = C1C8FEDB1D4A2BAA00FD6BB8 /* ViewController.m */; };
		C1C8FEF61D4A2BAA00FD6BB8 /* Localizable.strings in Resources */ = {isa = PBXBuildFile; fileRef = C1C8FEDE1D4A2BAA00FD6BB8 /* Localizable.strings */; };
		C1C8FEF71D4A2BAA00FD6BB8 /* Localizable.strings in Resources */ = {isa = PBXBuildFile; fileRef = C1C8FEE21D4A2BAA00FD6BB8 /* Localizable.strings */; };
		C1C8FEF81D4A2BAA00FD6BB8 /* ViewController.m in Sources */ = {isa = PBXBuildFile; fileRef = C1C8FEE51D4A2BAA00FD6BB8 /* ViewController.m */; };
		C1C8FEF91D4A2BAA00FD6BB8 /* Localizable.strings in Resources */ = {isa = PBXBuildFile; fileRef = C1C8FEE81D4A2BAA00FD6BB8 /* Localizable.strings */; };
		C1C8FEFA1D4A2BAA00FD6BB8 /* Localizable.strings in Resources */ = {isa = PBXBuildFile; fileRef = C1C8FEEC1D4A2BAA00FD6BB8 /* Localizable.strings */; };
		C1C8FEFB1D4A2BAA00FD6BB8 /* ViewController.m in Sources */ = {isa = PBXBuildFile; fileRef = C1C8FEEF1D4A2BAA00FD6BB8 /* ViewController.m */; };
		C1C8FF061D4A338400FD6BB8 /* Localizable.strings in Resources */ = {isa = PBXBuildFile; fileRef = C1C8FEFE1D4A338400FD6BB8 /* Localizable.strings */; };
		C1C8FF071D4A338400FD6BB8 /* Localizable.strings in Resources */ = {isa = PBXBuildFile; fileRef = C1C8FF021D4A338400FD6BB8 /* Localizable.strings */; };
		C1C8FF081D4A338400FD6BB8 /* ViewController.m in Sources */ = {isa = PBXBuildFile; fileRef = C1C8FF051D4A338400FD6BB8 /* ViewController.m */; };
/* End PBXBuildFile section */

/* Begin PBXFileReference section */
		C147DCD91D4A79F700015267 /* en */ = {isa = PBXFileReference; lastKnownFileType = text.plist.strings; name = en; path = en.lproj/Localizable.strings; sourceTree = "<group>"; };
		C147DCDA1D4A79F700015267 /* sv */ = {isa = PBXFileReference; lastKnownFileType = text.plist.strings; name = sv; path = sv.lproj/Localizable.strings; sourceTree = "<group>"; };
		C147DCDD1D4A79F700015267 /* en */ = {isa = PBXFileReference; lastKnownFileType = text.plist.strings; name = en; path = en.lproj/Localizable.strings; sourceTree = "<group>"; };
		C147DCDE1D4A79F700015267 /* sv */ = {isa = PBXFileReference; lastKnownFileType = text.plist.strings; name = sv; path = sv.lproj/Localizable.strings; sourceTree = "<group>"; };
		C147DCDF1D4A79F700015267 /* ViewController.m */ = {isa = PBXFileReference; fileEncoding = 4; lastKnownFileType = sourcecode.c.objc; path = ViewController.m; sourceTree = "<group>"; };
		C147DCE31D4A79F700015267 /* en */ = {isa = PBXFileReference; lastKnownFileType = text.plist.strings; name = en; path = en.lproj/Localizable.strings; sourceTree = "<group>"; };
		C147DCE41D4A79F700015267 /* sv */ = {isa = PBXFileReference; lastKnownFileType = text.plist.strings; name = sv; path = sv.lproj/Localizable.strings; sourceTree = "<group>"; };
		C147DCE71D4A79F700015267 /* en */ = {isa = PBXFileReference; lastKnownFileType = text.plist.strings; name = en; path = en.lproj/Localizable.strings; sourceTree = "<group>"; };
		C147DCE81D4A79F700015267 /* sv */ = {isa = PBXFileReference; lastKnownFileType = text.plist.strings; name = sv; path = sv.lproj/Localizable.strings; sourceTree = "<group>"; };
		C147DCE91D4A79F700015267 /* ViewController.m */ = {isa = PBXFileReference; fileEncoding = 4; lastKnownFileType = sourcecode.c.objc; path = ViewController.m; sourceTree = "<group>"; };
		C1C8FECB1D4A2BAA00FD6BB8 /* en */ = {isa = PBXFileReference; lastKnownFileType = text.plist.strings; name = en; path = en.lproj/Localizable.strings; sourceTree = "<group>"; };
		C1C8FECC1D4A2BAA00FD6BB8 /* sv */ = {isa = PBXFileReference; lastKnownFileType = text.plist.strings; name = sv; path = sv.lproj/Localizable.strings; sourceTree = "<group>"; };
		C1C8FECF1D4A2BAA00FD6BB8 /* en */ = {isa = PBXFileReference; lastKnownFileType = text.plist.strings; name = en; path = en.lproj/Localizable.strings; sourceTree = "<group>"; };
		C1C8FED01D4A2BAA00FD6BB8 /* sv */ = {isa = PBXFileReference; lastKnownFileType = text.plist.strings; name = sv; path = sv.lproj/Localizable.strings; sourceTree = "<group>"; };
		C1C8FED11D4A2BAA00FD6BB8 /* ViewController.m */ = {isa = PBXFileReference; fileEncoding = 4; lastKnownFileType = sourcecode.c.objc; path = ViewController.m; sourceTree = "<group>"; };
		C1C8FED51D4A2BAA00FD6BB8 /* en */ = {isa = PBXFileReference; lastKnownFileType = text.plist.strings; name = en; path = en.lproj/Localizable.strings; sourceTree = "<group>"; };
		C1C8FED61D4A2BAA00FD6BB8 /* sv */ = {isa = PBXFileReference; lastKnownFileType = text.plist.strings; name = sv; path = sv.lproj/Localizable.strings; sourceTree = "<group>"; };
		C1C8FED91D4A2BAA00FD6BB8 /* en */ = {isa = PBXFileReference; lastKnownFileType = text.plist.strings; name = en; path = en.lproj/Localizable.strings; sourceTree = "<group>"; };
		C1C8FEDA1D4A2BAA00FD6BB8 /* sv */ = {isa = PBXFileReference; lastKnownFileType = text.plist.strings; name = sv; path = sv.lproj/Localizable.strings; sourceTree = "<group>"; };
		C1C8FEDB1D4A2BAA00FD6BB8 /* ViewController.m */ = {isa = PBXFileReference; fileEncoding = 4; lastKnownFileType = sourcecode.c.objc; path = ViewController.m; sourceTree = "<group>"; };
		C1C8FEDF1D4A2BAA00FD6BB8 /* en */ = {isa = PBXFileReference; lastKnownFileType = text.plist.strings; name = en; path = en.lproj/Localizable.strings; sourceTree = "<group>"; };
		C1C8FEE01D4A2BAA00FD6BB8 /* sv */ = {isa = PBXFileReference; lastKnownFileType = text.plist.strings; name = sv; path = sv.lproj/Localizable.strings; sourceTree = "<group>"; };
		C1C8FEE31D4A2BAA00FD6BB8 /* en */ = {isa = PBXFileReference; lastKnownFileType = text.plist.strings; name = en; path = en.lproj/Localizable.strings; sourceTree = "<group>"; };
		C1C8FEE41D4A2BAA00FD6BB8 /* sv */ = {isa = PBXFileReference; lastKnownFileType = text.plist.strings; name = sv; path = sv.lproj/Localizable.strings; sourceTree = "<group>"; };
		C1C8FEE51D4A2BAA00FD6BB8 /* ViewController.m */ = {isa = PBXFileReference; fileEncoding = 4; lastKnownFileType = sourcecode.c.objc; path = ViewController.m; sourceTree = "<group>"; };
		C1C8FEE91D4A2BAA00FD6BB8 /* en */ = {isa = PBXFileReference; lastKnownFileType = text.plist.strings; name = en; path = en.lproj/Localizable.strings; sourceTree = "<group>"; };
		C1C8FEEA1D4A2BAA00FD6BB8 /* sv */ = {isa = PBXFileReference; lastKnownFileType = text.plist.strings; name = sv; path = sv.lproj/Localizable.strings; sourceTree = "<group>"; };
		C1C8FEED1D4A2BAA00FD6BB8 /* en */ = {isa = PBXFileReference; lastKnownFileType = text.plist.strings; name = en; path = en.lproj/Localizable.strings; sourceTree = "<group>"; };
		C1C8FEEE1D4A2BAA00FD6BB8 /* sv */ = {isa = PBXFileReference; lastKnownFileType = text.plist.strings; name = sv; path = sv.lproj/Localizable.strings; sourceTree = "<group>"; };
		C1C8FEEF1D4A2BAA00FD6BB8 /* ViewController.m */ = {isa = PBXFileReference; fileEncoding = 4; lastKnownFileType = sourcecode.c.objc; path = ViewController.m; sourceTree = "<group>"; };
		C1C8FEFF1D4A338400FD6BB8 /* en */ = {isa = PBXFileReference; lastKnownFileType = text.plist.strings; name = en; path = en.lproj/Localizable.strings; sourceTree = "<group>"; };
		C1C8FF001D4A338400FD6BB8 /* sv */ = {isa = PBXFileReference; lastKnownFileType = text.plist.strings; name = sv; path = sv.lproj/Localizable.strings; sourceTree = "<group>"; };
		C1C8FF031D4A338400FD6BB8 /* en */ = {isa = PBXFileReference; lastKnownFileType = text.plist.strings; name = en; path = en.lproj/Localizable.strings; sourceTree = "<group>"; };
		C1C8FF041D4A338400FD6BB8 /* sv */ = {isa = PBXFileReference; lastKnownFileType = text.plist.strings; name = sv; path = sv.lproj/Localizable.strings; sourceTree = "<group>"; };
		C1C8FF051D4A338400FD6BB8 /* ViewController.m */ = {isa = PBXFileReference; fileEncoding = 4; lastKnownFileType = sourcecode.c.objc; path = ViewController.m; sourceTree = "<group>"; };
		C1D4A7C21D47FEF400AD0FB4 /* Test.app */ = {isa = PBXFileReference; explicitFileType = wrapper.application; includeInIndex = 0; path = Test.app; sourceTree = BUILT_PRODUCTS_DIR; };
/* End PBXFileReference section */

/* Begin PBXFrameworksBuildPhase section */
		C1D4A7BF1D47FEF400AD0FB4 /* Frameworks */ = {
			isa = PBXFrameworksBuildPhase;
			buildActionMask = 2147483647;
			files = (
			);
			runOnlyForDeploymentPostprocessing = 0;
		};
/* End PBXFrameworksBuildPhase section */

/* Begin PBXGroup section */
		C147DCD61D4A79F700015267 /* 6 */ = {
			isa = PBXGroup;
			children = (
				C147DCD71D4A79F700015267 /* After */,
				C147DCDB1D4A79F700015267 /* Before */,
				C147DCDF1D4A79F700015267 /* ViewController.m */,
			);
			path = 6;
			sourceTree = "<group>";
		};
		C147DCD71D4A79F700015267 /* After */ = {
			isa = PBXGroup;
			children = (
				C147DCD81D4A79F700015267 /* Localizable.strings */,
			);
			path = After;
			sourceTree = "<group>";
		};
		C147DCDB1D4A79F700015267 /* Before */ = {
			isa = PBXGroup;
			children = (
				C147DCDC1D4A79F700015267 /* Localizable.strings */,
			);
			path = Before;
			sourceTree = "<group>";
		};
		C147DCE01D4A79F700015267 /* 7 */ = {
			isa = PBXGroup;
			children = (
				C147DCE11D4A79F700015267 /* After */,
				C147DCE51D4A79F700015267 /* Before */,
				C147DCE91D4A79F700015267 /* ViewController.m */,
			);
			path = 7;
			sourceTree = "<group>";
		};
		C147DCE11D4A79F700015267 /* After */ = {
			isa = PBXGroup;
			children = (
				C147DCE21D4A79F700015267 /* Localizable.strings */,
			);
			path = After;
			sourceTree = "<group>";
		};
		C147DCE51D4A79F700015267 /* Before */ = {
			isa = PBXGroup;
			children = (
				C147DCE61D4A79F700015267 /* Localizable.strings */,
			);
			path = Before;
			sourceTree = "<group>";
		};
		C1C8FEC81D4A2BAA00FD6BB8 /* 1 */ = {
			isa = PBXGroup;
			children = (
				C1C8FEC91D4A2BAA00FD6BB8 /* After */,
				C1C8FECD1D4A2BAA00FD6BB8 /* Before */,
				C1C8FED11D4A2BAA00FD6BB8 /* ViewController.m */,
			);
			path = 1;
			sourceTree = "<group>";
		};
		C1C8FEC91D4A2BAA00FD6BB8 /* After */ = {
			isa = PBXGroup;
			children = (
				C1C8FECA1D4A2BAA00FD6BB8 /* Localizable.strings */,
			);
			path = After;
			sourceTree = "<group>";
		};
		C1C8FECD1D4A2BAA00FD6BB8 /* Before */ = {
			isa = PBXGroup;
			children = (
				C1C8FECE1D4A2BAA00FD6BB8 /* Localizable.strings */,
			);
			path = Before;
			sourceTree = "<group>";
		};
		C1C8FED21D4A2BAA00FD6BB8 /* 2 */ = {
			isa = PBXGroup;
			children = (
				C1C8FED31D4A2BAA00FD6BB8 /* After */,
				C1C8FED71D4A2BAA00FD6BB8 /* Before */,
				C1C8FEDB1D4A2BAA00FD6BB8 /* ViewController.m */,
			);
			path = 2;
			sourceTree = "<group>";
		};
		C1C8FED31D4A2BAA00FD6BB8 /* After */ = {
			isa = PBXGroup;
			children = (
				C1C8FED41D4A2BAA00FD6BB8 /* Localizable.strings */,
			);
			path = After;
			sourceTree = "<group>";
		};
		C1C8FED71D4A2BAA00FD6BB8 /* Before */ = {
			isa = PBXGroup;
			children = (
				C1C8FED81D4A2BAA00FD6BB8 /* Localizable.strings */,
			);
			path = Before;
			sourceTree = "<group>";
		};
		C1C8FEDC1D4A2BAA00FD6BB8 /* 3 */ = {
			isa = PBXGroup;
			children = (
				C1C8FEDD1D4A2BAA00FD6BB8 /* After */,
				C1C8FEE11D4A2BAA00FD6BB8 /* Before */,
				C1C8FEE51D4A2BAA00FD6BB8 /* ViewController.m */,
			);
			path = 3;
			sourceTree = "<group>";
		};
		C1C8FEDD1D4A2BAA00FD6BB8 /* After */ = {
			isa = PBXGroup;
			children = (
				C1C8FEDE1D4A2BAA00FD6BB8 /* Localizable.strings */,
			);
			path = After;
			sourceTree = "<group>";
		};
		C1C8FEE11D4A2BAA00FD6BB8 /* Before */ = {
			isa = PBXGroup;
			children = (
				C1C8FEE21D4A2BAA00FD6BB8 /* Localizable.strings */,
			);
			path = Before;
			sourceTree = "<group>";
		};
		C1C8FEE61D4A2BAA00FD6BB8 /* 4 */ = {
			isa = PBXGroup;
			children = (
				C1C8FEE71D4A2BAA00FD6BB8 /* After */,
				C1C8FEEB1D4A2BAA00FD6BB8 /* Before */,
				C1C8FEEF1D4A2BAA00FD6BB8 /* ViewController.m */,
			);
			path = 4;
			sourceTree = "<group>";
		};
		C1C8FEE71D4A2BAA00FD6BB8 /* After */ = {
			isa = PBXGroup;
			children = (
				C1C8FEE81D4A2BAA00FD6BB8 /* Localizable.strings */,
			);
			path = After;
			sourceTree = "<group>";
		};
		C1C8FEEB1D4A2BAA00FD6BB8 /* Before */ = {
			isa = PBXGroup;
			children = (
				C1C8FEEC1D4A2BAA00FD6BB8 /* Localizable.strings */,
			);
			path = Before;
			sourceTree = "<group>";
		};
		C1C8FEFC1D4A338400FD6BB8 /* 5 */ = {
			isa = PBXGroup;
			children = (
				C1C8FEFD1D4A338400FD6BB8 /* After */,
				C1C8FF011D4A338400FD6BB8 /* Before */,
				C1C8FF051D4A338400FD6BB8 /* ViewController.m */,
			);
			path = 5;
			sourceTree = "<group>";
		};
		C1C8FEFD1D4A338400FD6BB8 /* After */ = {
			isa = PBXGroup;
			children = (
				C1C8FEFE1D4A338400FD6BB8 /* Localizable.strings */,
			);
			path = After;
			sourceTree = "<group>";
		};
		C1C8FF011D4A338400FD6BB8 /* Before */ = {
			isa = PBXGroup;
			children = (
				C1C8FF021D4A338400FD6BB8 /* Localizable.strings */,
			);
			path = Before;
			sourceTree = "<group>";
		};
		C1D4A7B91D47FEF400AD0FB4 = {
			isa = PBXGroup;
			children = (
				C1C8FEC81D4A2BAA00FD6BB8 /* 1 */,
				C1C8FED21D4A2BAA00FD6BB8 /* 2 */,
				C1C8FEDC1D4A2BAA00FD6BB8 /* 3 */,
				C1C8FEE61D4A2BAA00FD6BB8 /* 4 */,
				C1C8FEFC1D4A338400FD6BB8 /* 5 */,
				C147DCD61D4A79F700015267 /* 6 */,
				C147DCE01D4A79F700015267 /* 7 */,
				C1D4A7C31D47FEF400AD0FB4 /* Products */,
			);
			sourceTree = "<group>";
		};
		C1D4A7C31D47FEF400AD0FB4 /* Products */ = {
			isa = PBXGroup;
			children = (
				C1D4A7C21D47FEF400AD0FB4 /* Test.app */,
			);
			name = Products;
			sourceTree = "<group>";
		};
/* End PBXGroup section */

/* Begin PBXNativeTarget section */
		C1D4A7C11D47FEF400AD0FB4 /* Test */ = {
			isa = PBXNativeTarget;
			buildConfigurationList = C1D4A7D91D47FEF400AD0FB4 /* Build configuration list for PBXNativeTarget "Test" */;
			buildPhases = (
				C1D4A7BE1D47FEF400AD0FB4 /* Sources */,
				C1D4A7BF1D47FEF400AD0FB4 /* Frameworks */,
				C1D4A7C01D47FEF400AD0FB4 /* Resources */,
			);
			buildRules = (
			);
			dependencies = (
			);
			name = Test;
			productName = Test;
			productReference = C1D4A7C21D47FEF400AD0FB4 /* Test.app */;
			productType = "com.apple.product-type.application";
		};
/* End PBXNativeTarget section */

/* Begin PBXProject section */
		C1D4A7BA1D47FEF400AD0FB4 /* Project object */ = {
			isa = PBXProject;
			attributes = {
				LastUpgradeCheck = 0730;
				ORGANIZATIONNAME = materik;
				TargetAttributes = {
					C1D4A7C11D47FEF400AD0FB4 = {
						CreatedOnToolsVersion = 7.3.1;
					};
				};
			};
			buildConfigurationList = C1D4A7BD1D47FEF400AD0FB4 /* Build configuration list for PBXProject "Test" */;
			compatibilityVersion = "Xcode 3.2";
			developmentRegion = English;
			hasScannedForEncodings = 0;
			knownRegions = (
				en,
				Base,
				sv,
			);
			mainGroup = C1D4A7B91D47FEF400AD0FB4;
			productRefGroup = C1D4A7C31D47FEF400AD0FB4 /* Products */;
			projectDirPath = "";
			projectRoot = "";
			targets = (
				C1D4A7C11D47FEF400AD0FB4 /* Test */,
			);
		};
/* End PBXProject section */

/* Begin PBXResourcesBuildPhase section */
		C1D4A7C01D47FEF400AD0FB4 /* Resources */ = {
			isa = PBXResourcesBuildPhase;
			buildActionMask = 2147483647;
			files = (
				C1C8FEF61D4A2BAA00FD6BB8 /* Localizable.strings in Resources */,
				C147DCEB1D4A79F700015267 /* Localizable.strings in Resources */,
				C1C8FEF71D4A2BAA00FD6BB8 /* Localizable.strings in Resources */,
				C147DCEE1D4A79F700015267 /* Localizable.strings in Resources */,
				C147DCEA1D4A79F700015267 /* Localizable.strings in Resources */,
				C1C8FEF01D4A2BAA00FD6BB8 /* Localizable.strings in Resources */,
				C1C8FEF91D4A2BAA00FD6BB8 /* Localizable.strings in Resources */,
				C1C8FF061D4A338400FD6BB8 /* Localizable.strings in Resources */,
				C1C8FF071D4A338400FD6BB8 /* Localizable.strings in Resources */,
				C1C8FEF41D4A2BAA00FD6BB8 /* Localizable.strings in Resources */,
				C147DCED1D4A79F700015267 /* Localizable.strings in Resources */,
				C1C8FEFA1D4A2BAA00FD6BB8 /* Localizable.strings in Resources */,
				C1C8FEF31D4A2BAA00FD6BB8 /* Localizable.strings in Resources */,
				C1C8FEF11D4A2BAA00FD6BB8 /* Localizable.strings in Resources */,
			);
			runOnlyForDeploymentPostprocessing = 0;
		};
/* End PBXResourcesBuildPhase section */

/* Begin PBXSourcesBuildPhase section */
		C1D4A7BE1D47FEF400AD0FB4 /* Sources */ = {
			isa = PBXSourcesBuildPhase;
			buildActionMask = 2147483647;
			files = (
				C147DCEF1D4A79F700015267 /* ViewController.m in Sources */,
				C147DCEC1D4A79F700015267 /* ViewController.m in Sources */,
				C1C8FEF81D4A2BAA00FD6BB8 /* ViewController.m in Sources */,
				C1C8FEF51D4A2BAA00FD6BB8 /* ViewController.m in Sources */,
				C1C8FEFB1D4A2BAA00FD6BB8 /* ViewController.m in Sources */,
				C1C8FEF21D4A2BAA00FD6BB8 /* ViewController.m in Sources */,
				C1C8FF081D4A338400FD6BB8 /* ViewController.m in Sources */,
			);
			runOnlyForDeploymentPostprocessing = 0;
		};
/* End PBXSourcesBuildPhase section */

/* Begin PBXVariantGroup section */
		C147DCD81D4A79F700015267 /* Localizable.strings */ = {
			isa = PBXVariantGroup;
			children = (
				C147DCD91D4A79F700015267 /* en */,
				C147DCDA1D4A79F700015267 /* sv */,
			);
			name = Localizable.strings;
			sourceTree = "<group>";
		};
		C147DCDC1D4A79F700015267 /* Localizable.strings */ = {
			isa = PBXVariantGroup;
			children = (
				C147DCDD1D4A79F700015267 /* en */,
				C147DCDE1D4A79F700015267 /* sv */,
			);
			name = Localizable.strings;
			sourceTree = "<group>";
		};
		C147DCE21D4A79F700015267 /* Localizable.strings */ = {
			isa = PBXVariantGroup;
			children = (
				C147DCE31D4A79F700015267 /* en */,
				C147DCE41D4A79F700015267 /* sv */,
			);
			name = Localizable.strings;
			sourceTree = "<group>";
		};
		C147DCE61D4A79F700015267 /* Localizable.strings */ = {
			isa = PBXVariantGroup;
			children = (
				C147DCE71D4A79F700015267 /* en */,
				C147DCE81D4A79F700015267 /* sv */,
			);
			name = Localizable.strings;
			sourceTree = "<group>";
		};
		C1C8FECA1D4A2BAA00FD6BB8 /* Localizable.strings */ = {
			isa = PBXVariantGroup;
			children = (
				C1C8FECB1D4A2BAA00FD6BB8 /* en */,
				C1C8FECC1D4A2BAA00FD6BB8 /* sv */,
			);
			name = Localizable.strings;
			sourceTree = "<group>";
		};
		C1C8FECE1D4A2BAA00FD6BB8 /* Localizable.strings */ = {
			isa = PBXVariantGroup;
			children = (
				C1C8FECF1D4A2BAA00FD6BB8 /* en */,
				C1C8FED01D4A2BAA00FD6BB8 /* sv */,
			);
			name = Localizable.strings;
			sourceTree = "<group>";
		};
		C1C8FED41D4A2BAA00FD6BB8 /* Localizable.strings */ = {
			isa = PBXVariantGroup;
			children = (
				C1C8FED51D4A2BAA00FD6BB8 /* en */,
				C1C8FED61D4A2BAA00FD6BB8 /* sv */,
			);
			name = Localizable.strings;
			sourceTree = "<group>";
		};
		C1C8FED81D4A2BAA00FD6BB8 /* Localizable.strings */ = {
			isa = PBXVariantGroup;
			children = (
				C1C8FED91D4A2BAA00FD6BB8 /* en */,
				C1C8FEDA1D4A2BAA00FD6BB8 /* sv */,
			);
			name = Localizable.strings;
			sourceTree = "<group>";
		};
		C1C8FEDE1D4A2BAA00FD6BB8 /* Localizable.strings */ = {
			isa = PBXVariantGroup;
			children = (
				C1C8FEDF1D4A2BAA00FD6BB8 /* en */,
				C1C8FEE01D4A2BAA00FD6BB8 /* sv */,
			);
			name = Localizable.strings;
			sourceTree = "<group>";
		};
		C1C8FEE21D4A2BAA00FD6BB8 /* Localizable.strings */ = {
			isa = PBXVariantGroup;
			children = (
				C1C8FEE31D4A2BAA00FD6BB8 /* en */,
				C1C8FEE41D4A2BAA00FD6BB8 /* sv */,
			);
			name = Localizable.strings;
			sourceTree = "<group>";
		};
		C1C8FEE81D4A2BAA00FD6BB8 /* Localizable.strings */ = {
			isa = PBXVariantGroup;
			children = (
				C1C8FEE91D4A2BAA00FD6BB8 /* en */,
				C1C8FEEA1D4A2BAA00FD6BB8 /* sv */,
			);
			name = Localizable.strings;
			sourceTree = "<group>";
		};
		C1C8FEEC1D4A2BAA00FD6BB8 /* Localizable.strings */ = {
			isa = PBXVariantGroup;
			children = (
				C1C8FEED1D4A2BAA00FD6BB8 /* en */,
				C1C8FEEE1D4A2BAA00FD6BB8 /* sv */,
			);
			name = Localizable.strings;
			sourceTree = "<group>";
		};
		C1C8FEFE1D4A338400FD6BB8 /* Localizable.strings */ = {
			isa = PBXVariantGroup;
			children = (
				C1C8FEFF1D4A338400FD6BB8 /* en */,
				C1C8FF001D4A338400FD6BB8 /* sv */,
			);
			name = Localizable.strings;
			sourceTree = "<group>";
		};
		C1C8FF021D4A338400FD6BB8 /* Localizable.strings */ = {
			isa = PBXVariantGroup;
			children = (
				C1C8FF031D4A338400FD6BB8 /* en */,
				C1C8FF041D4A338400FD6BB8 /* sv */,
			);
			name = Localizable.strings;
			sourceTree = "<group>";
		};
/* End PBXVariantGroup section */

/* Begin XCBuildConfiguration section */
		C1D4A7D71D47FEF400AD0FB4 /* Debug */ = {
			isa = XCBuildConfiguration;
			buildSettings = {
				ALWAYS_SEARCH_USER_PATHS = NO;
				CLANG_ANALYZER_NONNULL = YES;
				CLANG_CXX_LANGUAGE_STANDARD = "gnu++0x";
				CLANG_CXX_LIBRARY = "libc++";
				CLANG_ENABLE_MODULES = YES;
				CLANG_ENABLE_OBJC_ARC = YES;
				CLANG_WARN_BOOL_CONVERSION = YES;
				CLANG_WARN_CONSTANT_CONVERSION = YES;
				CLANG_WARN_DIRECT_OBJC_ISA_USAGE = YES_ERROR;
				CLANG_WARN_EMPTY_BODY = YES;
				CLANG_WARN_ENUM_CONVERSION = YES;
				CLANG_WARN_INT_CONVERSION = YES;
				CLANG_WARN_OBJC_ROOT_CLASS = YES_ERROR;
				CLANG_WARN_UNREACHABLE_CODE = YES;
				CLANG_WARN__DUPLICATE_METHOD_MATCH = YES;
				"CODE_SIGN_IDENTITY[sdk=iphoneos*]" = "iPhone Developer";
				COPY_PHASE_STRIP = NO;
				DEBUG_INFORMATION_FORMAT = dwarf;
				ENABLE_STRICT_OBJC_MSGSEND = YES;
				ENABLE_TESTABILITY = YES;
				GCC_C_LANGUAGE_STANDARD = gnu99;
				GCC_DYNAMIC_NO_PIC = NO;
				GCC_NO_COMMON_BLOCKS = YES;
				GCC_OPTIMIZATION_LEVEL = 0;
				GCC_PREPROCESSOR_DEFINITIONS = (
					"DEBUG=1",
					"$(inherited)",
				);
				GCC_WARN_64_TO_32_BIT_CONVERSION = YES;
				GCC_WARN_ABOUT_RETURN_TYPE = YES_ERROR;
				GCC_WARN_UNDECLARED_SELECTOR = YES;
				GCC_WARN_UNINITIALIZED_AUTOS = YES_AGGRESSIVE;
				GCC_WARN_UNUSED_FUNCTION = YES;
				GCC_WARN_UNUSED_VARIABLE = YES;
				IPHONEOS_DEPLOYMENT_TARGET = 9.3;
				MTL_ENABLE_DEBUG_INFO = YES;
				ONLY_ACTIVE_ARCH = YES;
				SDKROOT = iphoneos;
			};
			name = Debug;
		};
		C1D4A7D81D47FEF400AD0FB4 /* Release */ = {
			isa = XCBuildConfiguration;
			buildSettings = {
				ALWAYS_SEARCH_USER_PATHS = NO;
				CLANG_ANALYZER_NONNULL = YES;
				CLANG_CXX_LANGUAGE_STANDARD = "gnu++0x";
				CLANG_CXX_LIBRARY = "libc++";
				CLANG_ENABLE_MODULES = YES;
				CLANG_ENABLE_OBJC_ARC = YES;
				CLANG_WARN_BOOL_CONVERSION = YES;
				CLANG_WARN_CONSTANT_CONVERSION = YES;
				CLANG_WARN_DIRECT_OBJC_ISA_USAGE = YES_ERROR;
				CLANG_WARN_EMPTY_BODY = YES;
				CLANG_WARN_ENUM_CONVERSION = YES;
				CLANG_WARN_INT_CONVERSION = YES;
				CLANG_WARN_OBJC_ROOT_CLASS = YES_ERROR;
				CLANG_WARN_UNREACHABLE_CODE = YES;
				CLANG_WARN__DUPLICATE_METHOD_MATCH = YES;
				"CODE_SIGN_IDENTITY[sdk=iphoneos*]" = "iPhone Developer";
				COPY_PHASE_STRIP = NO;
				DEBUG_INFORMATION_FORMAT = "dwarf-with-dsym";
				ENABLE_NS_ASSERTIONS = NO;
				ENABLE_STRICT_OBJC_MSGSEND = YES;
				GCC_C_LANGUAGE_STANDARD = gnu99;
				GCC_NO_COMMON_BLOCKS = YES;
				GCC_WARN_64_TO_32_BIT_CONVERSION = YES;
				GCC_WARN_ABOUT_RETURN_TYPE = YES_ERROR;
				GCC_WARN_UNDECLARED_SELECTOR = YES;
				GCC_WARN_UNINITIALIZED_AUTOS = YES_AGGRESSIVE;
				GCC_WARN_UNUSED_FUNCTION = YES;
				GCC_WARN_UNUSED_VARIABLE = YES;
				IPHONEOS_DEPLOYMENT_TARGET = 9.3;
				MTL_ENABLE_DEBUG_INFO = NO;
				SDKROOT = iphoneos;
				VALIDATE_PRODUCT = YES;
			};
			name = Release;
		};
		C1D4A7DA1D47FEF400AD0FB4 /* Debug */ = {
			isa = XCBuildConfiguration;
			buildSettings = {
				ASSETCATALOG_COMPILER_APPICON_NAME = AppIcon;
				INFOPLIST_FILE = Test/Info.plist;
				LD_RUNPATH_SEARCH_PATHS = "$(inherited) @executable_path/Frameworks";
				PRODUCT_BUNDLE_IDENTIFIER = com.thematerik.Test;
				PRODUCT_NAME = "$(TARGET_NAME)";
			};
			name = Debug;
		};
		C1D4A7DB1D47FEF400AD0FB4 /* Release */ = {
			isa = XCBuildConfiguration;
			buildSettings = {
				ASSETCATALOG_COMPILER_APPICON_NAME = AppIcon;
				INFOPLIST_FILE = Test/Info.plist;
				LD_RUNPATH_SEARCH_PATHS = "$(inherited) @executable_path/Frameworks";
				PRODUCT_BUNDLE_IDENTIFIER = com.thematerik.Test;
				PRODUCT_NAME = "$(TARGET_NAME)";
			};
			name = Release;
		};
/* End XCBuildConfiguration section */

/* Begin XCConfigurationList section */
		C1D4A7BD1D47FEF400AD0FB4 /* Build configuration list for PBXProject "Test" */ = {
			isa = XCConfigurationList;
			buildConfigurations = (
				C1D4A7D71D47FEF400AD0FB4 /* Debug */,
				C1D4A7D81D47FEF400AD0FB4 /* Release */,
			);
			defaultConfigurationIsVisible = 0;
			defaultConfigurationName = Release;
		};
		C1D4A7D91D47FEF400AD0FB4 /* Build configuration list for PBXNativeTarget "Test" */ = {
			isa = XCConfigurationList;
			buildConfigurations = (
				C1D4A7DA1D47FEF400AD0FB4 /* Debug */,
				C1D4A7DB1D47FEF400AD0FB4 /* Release */,
			);
			defaultConfigurationIsVisible = 0;
			defaultConfigurationName = Release;
		};
/* End XCConfigurationList section */
	};
	rootObject = C1D4A7BA1D47FEF400AD0FB4 /* Project object */;
}
